
Microsoft Visual Studio Solution File, Format Version 12.00
# Visual Studio Version 16
VisualStudioVersion = 16.0.31624.102
MinimumVisualStudioVersion = 10.0.40219.1
Project("{FAE04EC0-301F-11D3-BF4B-00C04F79EFBC}") = "Lab1", "Lab1\Lab1.csproj", "{26040072-AC45-4F62-963B-D50F0F847C42}"
EndProject
Project("{FAE04EC0-301F-11D3-BF4B-00C04F79EFBC}") = "Project1", "Project1\Project1.csproj", "{01A67D86-E360-4695-A374-AEF06EDBA041}"
EndProject
Global
	GlobalSection(SolutionConfigurationPlatforms) = preSolution
		Debug|Any CPU = Debug|Any CPU
		Release|Any CPU = Release|Any CPU
	EndGlobalSection
	GlobalSection(ProjectConfigurationPlatforms) = postSolution
		{26040072-AC45-4F62-963B-D50F0F847C42}.Debug|Any CPU.ActiveCfg = Debug|Any CPU
		{26040072-AC45-4F62-963B-D50F0F847C42}.Debug|Any CPU.Build.0 = Debug|Any CPU
		{26040072-AC45-4F62-963B-D50F0F847C42}.Release|Any CPU.ActiveCfg = Release|Any CPU
		{26040072-AC45-4F62-963B-D50F0F847C42}.Release|Any CPU.Build.0 = Release|Any CPU
		{01A67D86-E360-4695-A374-AEF06EDBA041}.Debug|Any CPU.ActiveCfg = Debug|Any CPU
		{01A67D86-E360-4695-A374-AEF06EDBA041}.Debug|Any CPU.Build.0 = Debug|Any CPU
		{01A67D86-E360-4695-A374-AEF06EDBA041}.Release|Any CPU.ActiveCfg = Release|Any CPU
		{01A67D86-E360-4695-A374-AEF06EDBA041}.Release|Any CPU.Build.0 = Release|Any CPU
	EndGlobalSection
	GlobalSection(SolutionProperties) = preSolution
		HideSolutionNode = FALSE
	EndGlobalSection
	GlobalSection(ExtensibilityGlobals) = postSolution
		SolutionGuid = {EC8D87AD-E34D-4EA4-8443-875BC14FEBCE}
	EndGlobalSection
EndGlobal
